
Microsoft Visual Studio Solution File, Format Version 12.00
# Visual Studio 15
VisualStudioVersion = 15.0.28307.421
MinimumVisualStudioVersion = 10.0.40219.1
Project("{9A19103F-16F7-4668-BE54-9A1E7A4F7556}") = "ChatHub", "ChatHub.csproj", "{A435C5AA-9339-4788-9748-3F2388444EDD}"
EndProject
Global
	GlobalSection(SolutionConfigurationPlatforms) = preSolution
		Debug|Any CPU = Debug|Any CPU
		Release|Any CPU = Release|Any CPU
	EndGlobalSection
	GlobalSection(ProjectConfigurationPlatforms) = postSolution
		{A435C5AA-9339-4788-9748-3F2388444EDD}.Debug|Any CPU.ActiveCfg = Debug|Any CPU
		{A435C5AA-9339-4788-9748-3F2388444EDD}.Debug|Any CPU.Build.0 = Debug|Any CPU
		{A435C5AA-9339-4788-9748-3F2388444EDD}.Release|Any CPU.ActiveCfg = Release|Any CPU
		{A435C5AA-9339-4788-9748-3F2388444EDD}.Release|Any CPU.Build.0 = Release|Any CPU
	EndGlobalSection
	GlobalSection(SolutionProperties) = preSolution
		HideSolutionNode = FALSE
	EndGlobalSection
	GlobalSection(ExtensibilityGlobals) = postSolution
		SolutionGuid = {E420D796-6EF1-4ACE-92CA-E50FFB1109AE}
	EndGlobalSection
EndGlobal
