
Microsoft Visual Studio Solution File, Format Version 12.00
# Visual Studio 15
VisualStudioVersion = 15.0.28307.271
MinimumVisualStudioVersion = 10.0.40219.1
Project("{9A19103F-16F7-4668-BE54-9A1E7A4F7556}") = "ChatHub.Api", "ChatHub.Api\ChatHub.Api.csproj", "{1538FB4D-219B-43D5-9C58-06C86FBE4FDA}"
EndProject
Project("{FAE04EC0-301F-11D3-BF4B-00C04F79EFBC}") = "ChatHub.ApiService", "ChatHub.ApiService\ChatHub.ApiService.csproj", "{9D99A900-DC5E-446E-B232-B0F932063CDE}"
EndProject
Project("{FAE04EC0-301F-11D3-BF4B-00C04F79EFBC}") = "ChatHub.Domain", "ChatHub.Domain\ChatHub.Domain.csproj", "{16AA1CA0-237A-4C1E-803B-D1DD82A639B2}"
EndProject
Project("{FAE04EC0-301F-11D3-BF4B-00C04F79EFBC}") = "ChatHub.DomainService", "ChatHub.DomainService\ChatHub.DomainService.csproj", "{28E0AEA4-A83C-4558-B5E9-D6CB73E4B492}"
EndProject
Project("{FAE04EC0-301F-11D3-BF4B-00C04F79EFBC}") = "ChatHub.Infrastructure", "ChatHub.Infrastructure\ChatHub.Infrastructure.csproj", "{1D897EC4-FAFB-4A81-B708-41EC024E1150}"
EndProject
Global
	GlobalSection(SolutionConfigurationPlatforms) = preSolution
		Debug|Any CPU = Debug|Any CPU
		Release|Any CPU = Release|Any CPU
	EndGlobalSection
	GlobalSection(ProjectConfigurationPlatforms) = postSolution
		{1538FB4D-219B-43D5-9C58-06C86FBE4FDA}.Debug|Any CPU.ActiveCfg = Debug|Any CPU
		{1538FB4D-219B-43D5-9C58-06C86FBE4FDA}.Debug|Any CPU.Build.0 = Debug|Any CPU
		{1538FB4D-219B-43D5-9C58-06C86FBE4FDA}.Release|Any CPU.ActiveCfg = Release|Any CPU
		{1538FB4D-219B-43D5-9C58-06C86FBE4FDA}.Release|Any CPU.Build.0 = Release|Any CPU
		{9D99A900-DC5E-446E-B232-B0F932063CDE}.Debug|Any CPU.ActiveCfg = Debug|Any CPU
		{9D99A900-DC5E-446E-B232-B0F932063CDE}.Debug|Any CPU.Build.0 = Debug|Any CPU
		{9D99A900-DC5E-446E-B232-B0F932063CDE}.Release|Any CPU.ActiveCfg = Release|Any CPU
		{9D99A900-DC5E-446E-B232-B0F932063CDE}.Release|Any CPU.Build.0 = Release|Any CPU
		{16AA1CA0-237A-4C1E-803B-D1DD82A639B2}.Debug|Any CPU.ActiveCfg = Debug|Any CPU
		{16AA1CA0-237A-4C1E-803B-D1DD82A639B2}.Debug|Any CPU.Build.0 = Debug|Any CPU
		{16AA1CA0-237A-4C1E-803B-D1DD82A639B2}.Release|Any CPU.ActiveCfg = Release|Any CPU
		{16AA1CA0-237A-4C1E-803B-D1DD82A639B2}.Release|Any CPU.Build.0 = Release|Any CPU
		{28E0AEA4-A83C-4558-B5E9-D6CB73E4B492}.Debug|Any CPU.ActiveCfg = Debug|Any CPU
		{28E0AEA4-A83C-4558-B5E9-D6CB73E4B492}.Debug|Any CPU.Build.0 = Debug|Any CPU
		{28E0AEA4-A83C-4558-B5E9-D6CB73E4B492}.Release|Any CPU.ActiveCfg = Release|Any CPU
		{28E0AEA4-A83C-4558-B5E9-D6CB73E4B492}.Release|Any CPU.Build.0 = Release|Any CPU
		{1D897EC4-FAFB-4A81-B708-41EC024E1150}.Debug|Any CPU.ActiveCfg = Debug|Any CPU
		{1D897EC4-FAFB-4A81-B708-41EC024E1150}.Debug|Any CPU.Build.0 = Debug|Any CPU
		{1D897EC4-FAFB-4A81-B708-41EC024E1150}.Release|Any CPU.ActiveCfg = Release|Any CPU
		{1D897EC4-FAFB-4A81-B708-41EC024E1150}.Release|Any CPU.Build.0 = Release|Any CPU
	EndGlobalSection
	GlobalSection(SolutionProperties) = preSolution
		HideSolutionNode = FALSE
	EndGlobalSection
	GlobalSection(ExtensibilityGlobals) = postSolution
		SolutionGuid = {F8293801-5257-45E5-BD42-1DEADB783DF3}
	EndGlobalSection
EndGlobal
